{
  "name": "plus-minus",
  "version": "0.0.0",
  "lockfileVersion": 2,
  "requires": true,
  "packages": {
    "": {
      "name": "plus-minus",
      "version": "0.0.0",
      "license": "MIT",
      "dependencies": {
        "be-definitive": "0.0.82",
        "be-importing": "0.0.45"
      }
    },
    "node_modules/be-based": {
      "version": "0.0.31",
      "resolved": "https://registry.npmjs.org/be-based/-/be-based-0.0.31.tgz",
      "integrity": "sha512-PCv98fe4z47cljszUtJg8yvhBd4NbN+3HA2Gaq8du3fRGyrrL0YF+ssn1X/DvuXtcKGMy4CflVhb2GBcraXwHQ==",
      "dependencies": {
        "be-decorated": "0.0.211",
        "be-hive": "0.0.79",
        "trans-render": "0.0.653"
      }
    },
    "node_modules/be-decorated": {
      "version": "0.0.211",
      "resolved": "https://registry.npmjs.org/be-decorated/-/be-decorated-0.0.211.tgz",
      "integrity": "sha512-Pgcb5vQCPSnY6uYhUR01+fGnkWmFX7Zph5p8OKX8fRRBKymJsHvr0CO3IUc7qCb3YJ3fshYmRTjScI7yoT1c3g==",
      "dependencies": {
        "trans-render": "0.0.653"
      }
    },
    "node_modules/be-definitive": {
      "version": "0.0.82",
      "resolved": "https://registry.npmjs.org/be-definitive/-/be-definitive-0.0.82.tgz",
      "integrity": "sha512-aM51odP64pSHpWsZdKu/nCanWtBQGDq+6qPleRcVlsxdF6VRO6ErAlBZCVhGWdJbVDyX5X5dNLNFoIgnopyprA==",
      "dependencies": {
        "be-decorated": "0.0.211",
        "be-exportable": "0.0.53",
        "be-hive": "0.0.79",
        "trans-render": "0.0.653",
        "xtal-element": "0.0.547"
      }
    },
    "node_modules/be-exportable": {
      "version": "0.0.53",
      "resolved": "https://registry.npmjs.org/be-exportable/-/be-exportable-0.0.53.tgz",
      "integrity": "sha512-EIbtQMd/ty2L7jyr4ckc3E/CELFnjVvzN5do1ykppsgJjPERINNezlwNF8fJ0SZuL0InWBBZge6Meu/r/x5ExA==",
      "dependencies": {
        "be-decorated": "0.0.211",
        "be-hive": "0.0.79"
      }
    },
    "node_modules/be-having": {
      "version": "0.0.4",
      "resolved": "https://registry.npmjs.org/be-having/-/be-having-0.0.4.tgz",
      "integrity": "sha512-z8FiNS9ADZwtDkUGfabgAw5HdGjsOgpGcLS9JrmZBOhdFaagtHrfAOaS7E/lY89CRzXWEqikidYNfRKdSbfgSg==",
      "dependencies": {
        "be-decorated": "0.0.211",
        "be-exportable": "0.0.53",
        "trans-render": "0.0.653"
      }
    },
    "node_modules/be-hive": {
      "version": "0.0.79",
      "resolved": "https://registry.npmjs.org/be-hive/-/be-hive-0.0.79.tgz",
      "integrity": "sha512-z4GUDkZGw/YmaEPCXozEH1lg/9fIe6+4xQ5WUBWsfpgiPmwVJ4DY3Du7CnJdCrd+hgeYBN6fIPkO0IuiyUL3Jw=="
    },
    "node_modules/be-importing": {
      "version": "0.0.45",
      "resolved": "https://registry.npmjs.org/be-importing/-/be-importing-0.0.45.tgz",
      "integrity": "sha512-egumsi9RVqfZ2ZMobLt5hD0y+go7yull4YGBPdnS3tagyAC/Weo5um4wkUXK2d8Zva2QGTvt6iL52t/mLm/1zg==",
      "dependencies": {
        "be-decorated": "0.0.211",
        "be-having": "0.0.4",
        "be-hive": "0.0.79",
        "be-written": "0.0.14"
      }
    },
    "node_modules/be-written": {
      "version": "0.0.14",
      "resolved": "https://registry.npmjs.org/be-written/-/be-written-0.0.14.tgz",
      "integrity": "sha512-hmriZBQfcx3Pc9S0TGLOMm1Gx09CzGQHtu6sqGqe13XX0riknshSN2+B5aFZ61xdn5YlAE/Ss7NYAZ4RCeVYzA==",
      "dependencies": {
        "be-based": "0.0.31",
        "be-decorated": "0.0.211",
        "be-hive": "0.0.79",
        "stream-orator": "0.0.17"
      }
    },
    "node_modules/stream-orator": {
      "version": "0.0.17",
      "resolved": "https://registry.npmjs.org/stream-orator/-/stream-orator-0.0.17.tgz",
      "integrity": "sha512-P3eoUHefMUN6rDp/Gz/BbPGr0zfHciJWMzqJsWV29cJqWZKQktJKoposh7eWHpJHvNH0h8tPNYBRO4CDPShHMg=="
    },
    "node_modules/trans-render": {
      "version": "0.0.653",
      "resolved": "https://registry.npmjs.org/trans-render/-/trans-render-0.0.653.tgz",
      "integrity": "sha512-hVZKxjV9QtSKcG/tI/jITvhXerv+KyAo2EjdqI0/NDJuo+7fy4tAfCAEadYziaGxjt4B5yajc5xV8Dm8qBGKCw=="
    },
    "node_modules/xtal-element": {
      "version": "0.0.547",
      "resolved": "https://registry.npmjs.org/xtal-element/-/xtal-element-0.0.547.tgz",
      "integrity": "sha512-DBLXU8/dbn2jpJ/XrP/g2yDGAL+A7q3Js9NjXprtCniTtnKhZjt5IrSKmLjBjQ+DJ2wzLTO5LAJnPA5hyfj9pA==",
      "dependencies": {
        "trans-render": "0.0.653"
      }
    }
  },
  "dependencies": {
    "be-based": {
      "version": "0.0.31",
      "resolved": "https://registry.npmjs.org/be-based/-/be-based-0.0.31.tgz",
      "integrity": "sha512-PCv98fe4z47cljszUtJg8yvhBd4NbN+3HA2Gaq8du3fRGyrrL0YF+ssn1X/DvuXtcKGMy4CflVhb2GBcraXwHQ==",
      "requires": {
        "be-decorated": "0.0.211",
        "be-hive": "0.0.79",
        "trans-render": "0.0.653"
      }
    },
    "be-decorated": {
      "version": "0.0.211",
      "resolved": "https://registry.npmjs.org/be-decorated/-/be-decorated-0.0.211.tgz",
      "integrity": "sha512-Pgcb5vQCPSnY6uYhUR01+fGnkWmFX7Zph5p8OKX8fRRBKymJsHvr0CO3IUc7qCb3YJ3fshYmRTjScI7yoT1c3g==",
      "requires": {
        "trans-render": "0.0.653"
      }
    },
    "be-definitive": {
      "version": "0.0.82",
      "resolved": "https://registry.npmjs.org/be-definitive/-/be-definitive-0.0.82.tgz",
      "integrity": "sha512-aM51odP64pSHpWsZdKu/nCanWtBQGDq+6qPleRcVlsxdF6VRO6ErAlBZCVhGWdJbVDyX5X5dNLNFoIgnopyprA==",
      "requires": {
        "be-decorated": "0.0.211",
        "be-exportable": "0.0.53",
        "be-hive": "0.0.79",
        "trans-render": "0.0.653",
        "xtal-element": "0.0.547"
      }
    },
    "be-exportable": {
      "version": "0.0.53",
      "resolved": "https://registry.npmjs.org/be-exportable/-/be-exportable-0.0.53.tgz",
      "integrity": "sha512-EIbtQMd/ty2L7jyr4ckc3E/CELFnjVvzN5do1ykppsgJjPERINNezlwNF8fJ0SZuL0InWBBZge6Meu/r/x5ExA==",
      "requires": {
        "be-decorated": "0.0.211",
        "be-hive": "0.0.79"
      }
    },
    "be-having": {
      "version": "0.0.4",
      "resolved": "https://registry.npmjs.org/be-having/-/be-having-0.0.4.tgz",
      "integrity": "sha512-z8FiNS9ADZwtDkUGfabgAw5HdGjsOgpGcLS9JrmZBOhdFaagtHrfAOaS7E/lY89CRzXWEqikidYNfRKdSbfgSg==",
      "requires": {
        "be-decorated": "0.0.211",
        "be-exportable": "0.0.53",
        "trans-render": "0.0.653"
      }
    },
    "be-hive": {
      "version": "0.0.79",
      "resolved": "https://registry.npmjs.org/be-hive/-/be-hive-0.0.79.tgz",
      "integrity": "sha512-z4GUDkZGw/YmaEPCXozEH1lg/9fIe6+4xQ5WUBWsfpgiPmwVJ4DY3Du7CnJdCrd+hgeYBN6fIPkO0IuiyUL3Jw=="
    },
    "be-importing": {
      "version": "0.0.45",
      "resolved": "https://registry.npmjs.org/be-importing/-/be-importing-0.0.45.tgz",
      "integrity": "sha512-egumsi9RVqfZ2ZMobLt5hD0y+go7yull4YGBPdnS3tagyAC/Weo5um4wkUXK2d8Zva2QGTvt6iL52t/mLm/1zg==",
      "requires": {
        "be-decorated": "0.0.211",
        "be-having": "0.0.4",
        "be-hive": "0.0.79",
        "be-written": "0.0.14"
      }
    },
    "be-written": {
      "version": "0.0.14",
      "resolved": "https://registry.npmjs.org/be-written/-/be-written-0.0.14.tgz",
      "integrity": "sha512-hmriZBQfcx3Pc9S0TGLOMm1Gx09CzGQHtu6sqGqe13XX0riknshSN2+B5aFZ61xdn5YlAE/Ss7NYAZ4RCeVYzA==",
      "requires": {
        "be-based": "0.0.31",
        "be-decorated": "0.0.211",
        "be-hive": "0.0.79",
        "stream-orator": "0.0.17"
      }
    },
    "stream-orator": {
      "version": "0.0.17",
      "resolved": "https://registry.npmjs.org/stream-orator/-/stream-orator-0.0.17.tgz",
      "integrity": "sha512-P3eoUHefMUN6rDp/Gz/BbPGr0zfHciJWMzqJsWV29cJqWZKQktJKoposh7eWHpJHvNH0h8tPNYBRO4CDPShHMg=="
    },
    "trans-render": {
      "version": "0.0.653",
      "resolved": "https://registry.npmjs.org/trans-render/-/trans-render-0.0.653.tgz",
      "integrity": "sha512-hVZKxjV9QtSKcG/tI/jITvhXerv+KyAo2EjdqI0/NDJuo+7fy4tAfCAEadYziaGxjt4B5yajc5xV8Dm8qBGKCw=="
    },
    "xtal-element": {
      "version": "0.0.547",
      "resolved": "https://registry.npmjs.org/xtal-element/-/xtal-element-0.0.547.tgz",
      "integrity": "sha512-DBLXU8/dbn2jpJ/XrP/g2yDGAL+A7q3Js9NjXprtCniTtnKhZjt5IrSKmLjBjQ+DJ2wzLTO5LAJnPA5hyfj9pA==",
      "requires": {
        "trans-render": "0.0.653"
      }
    }
  }
}
